// !$*UTF8*$!
{
	archiveVersion = 1;
	classes = {
	};
	objectVersion = 56;
	objects = {

/* Begin PBXBuildFile section */
		FC21054C29BA56D900DBE1C2 /* TweetViewController.swift in Sources */ = {isa = PBXBuildFile; fileRef = FC21054B29BA56D800DBE1C2 /* TweetViewController.swift */; };
		FC21054E29BA594500DBE1C2 /* TweetHeader.swift in Sources */ = {isa = PBXBuildFile; fileRef = FC21054D29BA594500DBE1C2 /* TweetHeader.swift */; };
		FC2C884429AFBDF1006C757B /* Extensions.swift in Sources */ = {isa = PBXBuildFile; fileRef = FC2C884329AFBDF1006C757B /* Extensions.swift */; };
		FC2C884729AFC101006C757B /* LoginViewController.swift in Sources */ = {isa = PBXBuildFile; fileRef = FC2C884629AFC101006C757B /* LoginViewController.swift */; };
		FC2C884929AFC109006C757B /* RegisterViewController.swift in Sources */ = {isa = PBXBuildFile; fileRef = FC2C884829AFC109006C757B /* RegisterViewController.swift */; };
		FC2C884B29AFC7C5006C757B /* Utilities.swift in Sources */ = {isa = PBXBuildFile; fileRef = FC2C884A29AFC7C5006C757B /* Utilities.swift */; };
		FC2C884D29AFCB6C006C757B /* FormTextFieldView.swift in Sources */ = {isa = PBXBuildFile; fileRef = FC2C884C29AFCB6C006C757B /* FormTextFieldView.swift */; };
		FC31B33129B21AC700876FBD /* GoogleService-Info.plist in Resources */ = {isa = PBXBuildFile; fileRef = FC31B33029B21AC700876FBD /* GoogleService-Info.plist */; };
		FC31B33429B21CEC00876FBD /* FirebaseAuth in Frameworks */ = {isa = PBXBuildFile; productRef = FC31B33329B21CEC00876FBD /* FirebaseAuth */; };
		FC31B33629B21CEC00876FBD /* FirebaseAuthCombine-Community in Frameworks */ = {isa = PBXBuildFile; productRef = FC31B33529B21CEC00876FBD /* FirebaseAuthCombine-Community */; };
		FC31B33829B21CEC00876FBD /* FirebaseDatabase in Frameworks */ = {isa = PBXBuildFile; productRef = FC31B33729B21CEC00876FBD /* FirebaseDatabase */; };
		FC31B33A29B21CEC00876FBD /* FirebaseDatabaseSwift in Frameworks */ = {isa = PBXBuildFile; productRef = FC31B33929B21CEC00876FBD /* FirebaseDatabaseSwift */; };
		FC31B33C29B21CEC00876FBD /* FirebaseFirestore in Frameworks */ = {isa = PBXBuildFile; productRef = FC31B33B29B21CEC00876FBD /* FirebaseFirestore */; };
		FC31B33E29B21CEC00876FBD /* FirebaseFirestoreCombine-Community in Frameworks */ = {isa = PBXBuildFile; productRef = FC31B33D29B21CEC00876FBD /* FirebaseFirestoreCombine-Community */; };
		FC31B34029B21CEC00876FBD /* FirebaseFirestoreSwift in Frameworks */ = {isa = PBXBuildFile; productRef = FC31B33F29B21CEC00876FBD /* FirebaseFirestoreSwift */; };
		FC31B34229B21CEC00876FBD /* FirebaseStorage in Frameworks */ = {isa = PBXBuildFile; productRef = FC31B34129B21CEC00876FBD /* FirebaseStorage */; };
		FC31B34429B21CEC00876FBD /* FirebaseStorageCombine-Community in Frameworks */ = {isa = PBXBuildFile; productRef = FC31B34329B21CEC00876FBD /* FirebaseStorageCombine-Community */; };
		FC39834729B4B266004FB06A /* UserService.swift in Sources */ = {isa = PBXBuildFile; fileRef = FC39834629B4B266004FB06A /* UserService.swift */; };
		FC39834929B4B56B004FB06A /* User.swift in Sources */ = {isa = PBXBuildFile; fileRef = FC39834829B4B56B004FB06A /* User.swift */; };
		FC39834C29B4BABA004FB06A /* SDWebImage in Frameworks */ = {isa = PBXBuildFile; productRef = FC39834B29B4BABA004FB06A /* SDWebImage */; };
		FC39834E29B4D2E9004FB06A /* UploadTweetController.swift in Sources */ = {isa = PBXBuildFile; fileRef = FC39834D29B4D2E9004FB06A /* UploadTweetController.swift */; };
		FC39835029B4DEDD004FB06A /* CaptionTextView.swift in Sources */ = {isa = PBXBuildFile; fileRef = FC39834F29B4DEDD004FB06A /* CaptionTextView.swift */; };
		FC39835229B4E37C004FB06A /* TweetService.swift in Sources */ = {isa = PBXBuildFile; fileRef = FC39835129B4E37C004FB06A /* TweetService.swift */; };
		FC39835429B50E13004FB06A /* Tweet.swift in Sources */ = {isa = PBXBuildFile; fileRef = FC39835329B50E13004FB06A /* Tweet.swift */; };
		FC39835629B512F5004FB06A /* TweetCell.swift in Sources */ = {isa = PBXBuildFile; fileRef = FC39835529B512F5004FB06A /* TweetCell.swift */; };
		FC8159EC29BDC629004053CA /* UploadTweetViewModel.swift in Sources */ = {isa = PBXBuildFile; fileRef = FC8159EB29BDC629004053CA /* UploadTweetViewModel.swift */; };
		FC8159EE29BE072A004053CA /* ActionSheetLauncher.swift in Sources */ = {isa = PBXBuildFile; fileRef = FC8159ED29BE072A004053CA /* ActionSheetLauncher.swift */; };
		FC821E6B29AFED1000D2A92C /* AuthButton.swift in Sources */ = {isa = PBXBuildFile; fileRef = FC821E6A29AFED1000D2A92C /* AuthButton.swift */; };
		FC827B4729B732A5002B16FD /* ProfileViewController.swift in Sources */ = {isa = PBXBuildFile; fileRef = FC827B4629B732A5002B16FD /* ProfileViewController.swift */; };
		FC827B4929B738BA002B16FD /* ProfileHeader.swift in Sources */ = {isa = PBXBuildFile; fileRef = FC827B4829B738BA002B16FD /* ProfileHeader.swift */; };
		FC827B4B29B744B4002B16FD /* ProfileFilterView.swift in Sources */ = {isa = PBXBuildFile; fileRef = FC827B4A29B744B4002B16FD /* ProfileFilterView.swift */; };
		FC827B4D29B7466B002B16FD /* ProfileFilterCell.swift in Sources */ = {isa = PBXBuildFile; fileRef = FC827B4C29B7466B002B16FD /* ProfileFilterCell.swift */; };
		FC827B4F29B7502B002B16FD /* ProfileHeadeViewModel.swift in Sources */ = {isa = PBXBuildFile; fileRef = FC827B4E29B7502B002B16FD /* ProfileHeadeViewModel.swift */; };
		FC88D11029C5D82B008D17D4 /* EditProfileViewController.swift in Sources */ = {isa = PBXBuildFile; fileRef = FC88D10F29C5D82B008D17D4 /* EditProfileViewController.swift */; };
		FC8EC1C629B8B039001380CF /* UserCell.swift in Sources */ = {isa = PBXBuildFile; fileRef = FC8EC1C529B8B039001380CF /* UserCell.swift */; };
		FCA36D9029B61C5D000DC33E /* TweetViewModel.swift in Sources */ = {isa = PBXBuildFile; fileRef = FCA36D8F29B61C5D000DC33E /* TweetViewModel.swift */; };
		FCC22D8F29AF74B1002DEDC3 /* AppDelegate.swift in Sources */ = {isa = PBXBuildFile; fileRef = FCC22D8E29AF74B1002DEDC3 /* AppDelegate.swift */; };
		FCC22D9129AF74B1002DEDC3 /* SceneDelegate.swift in Sources */ = {isa = PBXBuildFile; fileRef = FCC22D9029AF74B1002DEDC3 /* SceneDelegate.swift */; };
		FCC22D9629AF74B1002DEDC3 /* Main.storyboard in Resources */ = {isa = PBXBuildFile; fileRef = FCC22D9429AF74B1002DEDC3 /* Main.storyboard */; };
		FCC22D9829AF74B2002DEDC3 /* Assets.xcassets in Resources */ = {isa = PBXBuildFile; fileRef = FCC22D9729AF74B2002DEDC3 /* Assets.xcassets */; };
		FCC22D9B29AF74B2002DEDC3 /* LaunchScreen.storyboard in Resources */ = {isa = PBXBuildFile; fileRef = FCC22D9929AF74B2002DEDC3 /* LaunchScreen.storyboard */; };
		FCC22DAE29AF75B2002DEDC3 /* MainTabController.swift in Sources */ = {isa = PBXBuildFile; fileRef = FCC22DAD29AF75B2002DEDC3 /* MainTabController.swift */; };
		FCC22DB029AF7713002DEDC3 /* FeedViewController.swift in Sources */ = {isa = PBXBuildFile; fileRef = FCC22DAF29AF7713002DEDC3 /* FeedViewController.swift */; };
		FCC22DB229AF7735002DEDC3 /* ExploreViewController.swift in Sources */ = {isa = PBXBuildFile; fileRef = FCC22DB129AF7735002DEDC3 /* ExploreViewController.swift */; };
		FCC22DB429AF7748002DEDC3 /* NotificationsViewController.swift in Sources */ = {isa = PBXBuildFile; fileRef = FCC22DB329AF7748002DEDC3 /* NotificationsViewController.swift */; };
		FCC22DB629AF7753002DEDC3 /* ConservationsViewController.swift in Sources */ = {isa = PBXBuildFile; fileRef = FCC22DB529AF7753002DEDC3 /* ConservationsViewController.swift */; };
		FCCE7C5529B35DD800586F0F /* Constants.swift in Sources */ = {isa = PBXBuildFile; fileRef = FCCE7C5429B35DD700586F0F /* Constants.swift */; };
		FCCE7C5729B3625900586F0F /* AuthService.swift in Sources */ = {isa = PBXBuildFile; fileRef = FCCE7C5629B3625900586F0F /* AuthService.swift */; };
		FCD08A1929BF165E000FA530 /* ActionSheetCell.swift in Sources */ = {isa = PBXBuildFile; fileRef = FCD08A1829BF165E000FA530 /* ActionSheetCell.swift */; };
		FCD08A1B29BF2073000FA530 /* ActionSheetViewModel.swift in Sources */ = {isa = PBXBuildFile; fileRef = FCD08A1A29BF2073000FA530 /* ActionSheetViewModel.swift */; };
		FCD08A1D29C079E5000FA530 /* Notification.swift in Sources */ = {isa = PBXBuildFile; fileRef = FCD08A1C29C079E5000FA530 /* Notification.swift */; };
		FCD08A1F29C07C3C000FA530 /* NotificationService.swift in Sources */ = {isa = PBXBuildFile; fileRef = FCD08A1E29C07C3C000FA530 /* NotificationService.swift */; };
		FCD08A2129C0AC3B000FA530 /* NotificationCell.swift in Sources */ = {isa = PBXBuildFile; fileRef = FCD08A2029C0AC3B000FA530 /* NotificationCell.swift */; };
		FCD08A2329C0B481000FA530 /* NotificationViewModel.swift in Sources */ = {isa = PBXBuildFile; fileRef = FCD08A2229C0B481000FA530 /* NotificationViewModel.swift */; };
/* End PBXBuildFile section */

/* Begin PBXFileReference section */
		FC21054B29BA56D800DBE1C2 /* TweetViewController.swift */ = {isa = PBXFileReference; lastKnownFileType = sourcecode.swift; path = TweetViewController.swift; sourceTree = "<group>"; };
		FC21054D29BA594500DBE1C2 /* TweetHeader.swift */ = {isa = PBXFileReference; lastKnownFileType = sourcecode.swift; path = TweetHeader.swift; sourceTree = "<group>"; };
		FC2C884329AFBDF1006C757B /* Extensions.swift */ = {isa = PBXFileReference; fileEncoding = 4; lastKnownFileType = sourcecode.swift; path = Extensions.swift; sourceTree = "<group>"; };
		FC2C884629AFC101006C757B /* LoginViewController.swift */ = {isa = PBXFileReference; lastKnownFileType = sourcecode.swift; path = LoginViewController.swift; sourceTree = "<group>"; };
		FC2C884829AFC109006C757B /* RegisterViewController.swift */ = {isa = PBXFileReference; lastKnownFileType = sourcecode.swift; path = RegisterViewController.swift; sourceTree = "<group>"; };
		FC2C884A29AFC7C5006C757B /* Utilities.swift */ = {isa = PBXFileReference; lastKnownFileType = sourcecode.swift; path = Utilities.swift; sourceTree = "<group>"; };
		FC2C884C29AFCB6C006C757B /* FormTextFieldView.swift */ = {isa = PBXFileReference; lastKnownFileType = sourcecode.swift; path = FormTextFieldView.swift; sourceTree = "<group>"; };
		FC31B33029B21AC700876FBD /* GoogleService-Info.plist */ = {isa = PBXFileReference; fileEncoding = 4; lastKnownFileType = text.plist.xml; path = "GoogleService-Info.plist"; sourceTree = "<group>"; };
		FC39834629B4B266004FB06A /* UserService.swift */ = {isa = PBXFileReference; lastKnownFileType = sourcecode.swift; path = UserService.swift; sourceTree = "<group>"; };
		FC39834829B4B56B004FB06A /* User.swift */ = {isa = PBXFileReference; lastKnownFileType = sourcecode.swift; path = User.swift; sourceTree = "<group>"; };
		FC39834D29B4D2E9004FB06A /* UploadTweetController.swift */ = {isa = PBXFileReference; lastKnownFileType = sourcecode.swift; path = UploadTweetController.swift; sourceTree = "<group>"; };
		FC39834F29B4DEDD004FB06A /* CaptionTextView.swift */ = {isa = PBXFileReference; lastKnownFileType = sourcecode.swift; path = CaptionTextView.swift; sourceTree = "<group>"; };
		FC39835129B4E37C004FB06A /* TweetService.swift */ = {isa = PBXFileReference; lastKnownFileType = sourcecode.swift; path = TweetService.swift; sourceTree = "<group>"; };
		FC39835329B50E13004FB06A /* Tweet.swift */ = {isa = PBXFileReference; lastKnownFileType = sourcecode.swift; path = Tweet.swift; sourceTree = "<group>"; };
		FC39835529B512F5004FB06A /* TweetCell.swift */ = {isa = PBXFileReference; lastKnownFileType = sourcecode.swift; path = TweetCell.swift; sourceTree = "<group>"; };
		FC8159EB29BDC629004053CA /* UploadTweetViewModel.swift */ = {isa = PBXFileReference; lastKnownFileType = sourcecode.swift; path = UploadTweetViewModel.swift; sourceTree = "<group>"; };
		FC8159ED29BE072A004053CA /* ActionSheetLauncher.swift */ = {isa = PBXFileReference; lastKnownFileType = sourcecode.swift; path = ActionSheetLauncher.swift; sourceTree = "<group>"; };
		FC821E6A29AFED1000D2A92C /* AuthButton.swift */ = {isa = PBXFileReference; lastKnownFileType = sourcecode.swift; path = AuthButton.swift; sourceTree = "<group>"; };
		FC827B4629B732A5002B16FD /* ProfileViewController.swift */ = {isa = PBXFileReference; lastKnownFileType = sourcecode.swift; path = ProfileViewController.swift; sourceTree = "<group>"; };
		FC827B4829B738BA002B16FD /* ProfileHeader.swift */ = {isa = PBXFileReference; lastKnownFileType = sourcecode.swift; path = ProfileHeader.swift; sourceTree = "<group>"; };
		FC827B4A29B744B4002B16FD /* ProfileFilterView.swift */ = {isa = PBXFileReference; lastKnownFileType = sourcecode.swift; path = ProfileFilterView.swift; sourceTree = "<group>"; };
		FC827B4C29B7466B002B16FD /* ProfileFilterCell.swift */ = {isa = PBXFileReference; lastKnownFileType = sourcecode.swift; path = ProfileFilterCell.swift; sourceTree = "<group>"; };
		FC827B4E29B7502B002B16FD /* ProfileHeadeViewModel.swift */ = {isa = PBXFileReference; lastKnownFileType = sourcecode.swift; path = ProfileHeadeViewModel.swift; sourceTree = "<group>"; };
		FC88D10F29C5D82B008D17D4 /* EditProfileViewController.swift */ = {isa = PBXFileReference; lastKnownFileType = sourcecode.swift; path = EditProfileViewController.swift; sourceTree = "<group>"; };
		FC8EC1C529B8B039001380CF /* UserCell.swift */ = {isa = PBXFileReference; lastKnownFileType = sourcecode.swift; path = UserCell.swift; sourceTree = "<group>"; };
		FCA36D8F29B61C5D000DC33E /* TweetViewModel.swift */ = {isa = PBXFileReference; lastKnownFileType = sourcecode.swift; path = TweetViewModel.swift; sourceTree = "<group>"; };
		FCC22D8B29AF74B1002DEDC3 /* TwitterClone2.app */ = {isa = PBXFileReference; explicitFileType = wrapper.application; includeInIndex = 0; path = TwitterClone2.app; sourceTree = BUILT_PRODUCTS_DIR; };
		FCC22D8E29AF74B1002DEDC3 /* AppDelegate.swift */ = {isa = PBXFileReference; lastKnownFileType = sourcecode.swift; path = AppDelegate.swift; sourceTree = "<group>"; };
		FCC22D9029AF74B1002DEDC3 /* SceneDelegate.swift */ = {isa = PBXFileReference; lastKnownFileType = sourcecode.swift; path = SceneDelegate.swift; sourceTree = "<group>"; };
		FCC22D9529AF74B1002DEDC3 /* Base */ = {isa = PBXFileReference; lastKnownFileType = file.storyboard; name = Base; path = Base.lproj/Main.storyboard; sourceTree = "<group>"; };
		FCC22D9729AF74B2002DEDC3 /* Assets.xcassets */ = {isa = PBXFileReference; lastKnownFileType = folder.assetcatalog; path = Assets.xcassets; sourceTree = "<group>"; };
		FCC22D9A29AF74B2002DEDC3 /* Base */ = {isa = PBXFileReference; lastKnownFileType = file.storyboard; name = Base; path = Base.lproj/LaunchScreen.storyboard; sourceTree = "<group>"; };
		FCC22D9C29AF74B2002DEDC3 /* Info.plist */ = {isa = PBXFileReference; lastKnownFileType = text.plist.xml; path = Info.plist; sourceTree = "<group>"; };
		FCC22DAD29AF75B2002DEDC3 /* MainTabController.swift */ = {isa = PBXFileReference; lastKnownFileType = sourcecode.swift; path = MainTabController.swift; sourceTree = "<group>"; };
		FCC22DAF29AF7713002DEDC3 /* FeedViewController.swift */ = {isa = PBXFileReference; lastKnownFileType = sourcecode.swift; path = FeedViewController.swift; sourceTree = "<group>"; };
		FCC22DB129AF7735002DEDC3 /* ExploreViewController.swift */ = {isa = PBXFileReference; lastKnownFileType = sourcecode.swift; path = ExploreViewController.swift; sourceTree = "<group>"; };
		FCC22DB329AF7748002DEDC3 /* NotificationsViewController.swift */ = {isa = PBXFileReference; lastKnownFileType = sourcecode.swift; path = NotificationsViewController.swift; sourceTree = "<group>"; };
		FCC22DB529AF7753002DEDC3 /* ConservationsViewController.swift */ = {isa = PBXFileReference; lastKnownFileType = sourcecode.swift; path = ConservationsViewController.swift; sourceTree = "<group>"; };
		FCCE7C5429B35DD700586F0F /* Constants.swift */ = {isa = PBXFileReference; lastKnownFileType = sourcecode.swift; path = Constants.swift; sourceTree = "<group>"; };
		FCCE7C5629B3625900586F0F /* AuthService.swift */ = {isa = PBXFileReference; lastKnownFileType = sourcecode.swift; path = AuthService.swift; sourceTree = "<group>"; };
		FCD08A1829BF165E000FA530 /* ActionSheetCell.swift */ = {isa = PBXFileReference; lastKnownFileType = sourcecode.swift; path = ActionSheetCell.swift; sourceTree = "<group>"; };
		FCD08A1A29BF2073000FA530 /* ActionSheetViewModel.swift */ = {isa = PBXFileReference; lastKnownFileType = sourcecode.swift; path = ActionSheetViewModel.swift; sourceTree = "<group>"; };
		FCD08A1C29C079E5000FA530 /* Notification.swift */ = {isa = PBXFileReference; lastKnownFileType = sourcecode.swift; path = Notification.swift; sourceTree = "<group>"; };
		FCD08A1E29C07C3C000FA530 /* NotificationService.swift */ = {isa = PBXFileReference; lastKnownFileType = sourcecode.swift; path = NotificationService.swift; sourceTree = "<group>"; };
		FCD08A2029C0AC3B000FA530 /* NotificationCell.swift */ = {isa = PBXFileReference; lastKnownFileType = sourcecode.swift; path = NotificationCell.swift; sourceTree = "<group>"; };
		FCD08A2229C0B481000FA530 /* NotificationViewModel.swift */ = {isa = PBXFileReference; lastKnownFileType = sourcecode.swift; path = NotificationViewModel.swift; sourceTree = "<group>"; };
/* End PBXFileReference section */

/* Begin PBXFrameworksBuildPhase section */
		FCC22D8829AF74B1002DEDC3 /* Frameworks */ = {
			isa = PBXFrameworksBuildPhase;
			buildActionMask = 2147483647;
			files = (
				FC31B33A29B21CEC00876FBD /* FirebaseDatabaseSwift in Frameworks */,
				FC31B33829B21CEC00876FBD /* FirebaseDatabase in Frameworks */,
				FC31B33429B21CEC00876FBD /* FirebaseAuth in Frameworks */,
				FC31B34029B21CEC00876FBD /* FirebaseFirestoreSwift in Frameworks */,
				FC39834C29B4BABA004FB06A /* SDWebImage in Frameworks */,
				FC31B33E29B21CEC00876FBD /* FirebaseFirestoreCombine-Community in Frameworks */,
				FC31B34229B21CEC00876FBD /* FirebaseStorage in Frameworks */,
				FC31B33C29B21CEC00876FBD /* FirebaseFirestore in Frameworks */,
				FC31B34429B21CEC00876FBD /* FirebaseStorageCombine-Community in Frameworks */,
				FC31B33629B21CEC00876FBD /* FirebaseAuthCombine-Community in Frameworks */,
			);
			runOnlyForDeploymentPostprocessing = 0;
		};
/* End PBXFrameworksBuildPhase section */

/* Begin PBXGroup section */
		FC2C884529AFC0EB006C757B /* Authentication */ = {
			isa = PBXGroup;
			children = (
				FC2C884629AFC101006C757B /* LoginViewController.swift */,
				FC2C884829AFC109006C757B /* RegisterViewController.swift */,
			);
			path = Authentication;
			sourceTree = "<group>";
		};
		FCC22D8229AF74B1002DEDC3 = {
			isa = PBXGroup;
			children = (
				FCC22D8D29AF74B1002DEDC3 /* TwitterClone2 */,
				FCC22D8C29AF74B1002DEDC3 /* Products */,
			);
			sourceTree = "<group>";
		};
		FCC22D8C29AF74B1002DEDC3 /* Products */ = {
			isa = PBXGroup;
			children = (
				FCC22D8B29AF74B1002DEDC3 /* TwitterClone2.app */,
			);
			name = Products;
			sourceTree = "<group>";
		};
		FCC22D8D29AF74B1002DEDC3 /* TwitterClone2 */ = {
			isa = PBXGroup;
			children = (
				FCC22DAC29AF7562002DEDC3 /* Utils */,
				FCC22DAB29AF7559002DEDC3 /* API */,
				FCC22DAA29AF754B002DEDC3 /* Controller */,
				FCC22DA929AF7544002DEDC3 /* ViewModel */,
				FCC22DA829AF7539002DEDC3 /* View */,
				FCC22DA729AF7531002DEDC3 /* Model */,
				FCC22D8E29AF74B1002DEDC3 /* AppDelegate.swift */,
				FCC22D9029AF74B1002DEDC3 /* SceneDelegate.swift */,
				FCC22D9429AF74B1002DEDC3 /* Main.storyboard */,
				FCC22D9729AF74B2002DEDC3 /* Assets.xcassets */,
				FCC22D9929AF74B2002DEDC3 /* LaunchScreen.storyboard */,
				FCC22D9C29AF74B2002DEDC3 /* Info.plist */,
				FC31B33029B21AC700876FBD /* GoogleService-Info.plist */,
			);
			path = TwitterClone2;
			sourceTree = "<group>";
		};
		FCC22DA729AF7531002DEDC3 /* Model */ = {
			isa = PBXGroup;
			children = (
				FC39834829B4B56B004FB06A /* User.swift */,
				FC39835329B50E13004FB06A /* Tweet.swift */,
				FCD08A1C29C079E5000FA530 /* Notification.swift */,
			);
			path = Model;
			sourceTree = "<group>";
		};
		FCC22DA829AF7539002DEDC3 /* View */ = {
			isa = PBXGroup;
			children = (
				FC2C884C29AFCB6C006C757B /* FormTextFieldView.swift */,
				FC821E6A29AFED1000D2A92C /* AuthButton.swift */,
				FC39834F29B4DEDD004FB06A /* CaptionTextView.swift */,
				FC39835529B512F5004FB06A /* TweetCell.swift */,
				FC827B4829B738BA002B16FD /* ProfileHeader.swift */,
				FC827B4A29B744B4002B16FD /* ProfileFilterView.swift */,
				FC827B4C29B7466B002B16FD /* ProfileFilterCell.swift */,
				FC8EC1C529B8B039001380CF /* UserCell.swift */,
				FC21054D29BA594500DBE1C2 /* TweetHeader.swift */,
				FCD08A1829BF165E000FA530 /* ActionSheetCell.swift */,
				FCD08A2029C0AC3B000FA530 /* NotificationCell.swift */,
			);
			path = View;
			sourceTree = "<group>";
		};
		FCC22DA929AF7544002DEDC3 /* ViewModel */ = {
			isa = PBXGroup;
			children = (
				FCA36D8F29B61C5D000DC33E /* TweetViewModel.swift */,
				FC827B4E29B7502B002B16FD /* ProfileHeadeViewModel.swift */,
				FC8159EB29BDC629004053CA /* UploadTweetViewModel.swift */,
				FCD08A1A29BF2073000FA530 /* ActionSheetViewModel.swift */,
				FCD08A2229C0B481000FA530 /* NotificationViewModel.swift */,
			);
			path = ViewModel;
			sourceTree = "<group>";
		};
		FCC22DAA29AF754B002DEDC3 /* Controller */ = {
			isa = PBXGroup;
			children = (
				FC2C884529AFC0EB006C757B /* Authentication */,
				FCC22DAD29AF75B2002DEDC3 /* MainTabController.swift */,
				FCC22DAF29AF7713002DEDC3 /* FeedViewController.swift */,
				FCC22DB129AF7735002DEDC3 /* ExploreViewController.swift */,
				FCC22DB329AF7748002DEDC3 /* NotificationsViewController.swift */,
				FCC22DB529AF7753002DEDC3 /* ConservationsViewController.swift */,
				FC39834D29B4D2E9004FB06A /* UploadTweetController.swift */,
				FC827B4629B732A5002B16FD /* ProfileViewController.swift */,
				FC21054B29BA56D800DBE1C2 /* TweetViewController.swift */,
				FC88D10F29C5D82B008D17D4 /* EditProfileViewController.swift */,
			);
			path = Controller;
			sourceTree = "<group>";
		};
		FCC22DAB29AF7559002DEDC3 /* API */ = {
			isa = PBXGroup;
			children = (
				FCCE7C5629B3625900586F0F /* AuthService.swift */,
				FC39834629B4B266004FB06A /* UserService.swift */,
				FC39835129B4E37C004FB06A /* TweetService.swift */,
				FCD08A1E29C07C3C000FA530 /* NotificationService.swift */,
			);
			path = API;
			sourceTree = "<group>";
		};
		FCC22DAC29AF7562002DEDC3 /* Utils */ = {
			isa = PBXGroup;
			children = (
				FC2C884329AFBDF1006C757B /* Extensions.swift */,
				FC2C884A29AFC7C5006C757B /* Utilities.swift */,
				FCCE7C5429B35DD700586F0F /* Constants.swift */,
				FC8159ED29BE072A004053CA /* ActionSheetLauncher.swift */,
			);
			path = Utils;
			sourceTree = "<group>";
		};
/* End PBXGroup section */

/* Begin PBXNativeTarget section */
		FCC22D8A29AF74B1002DEDC3 /* TwitterClone2 */ = {
			isa = PBXNativeTarget;
			buildConfigurationList = FCC22D9F29AF74B2002DEDC3 /* Build configuration list for PBXNativeTarget "TwitterClone2" */;
			buildPhases = (
				FCC22D8729AF74B1002DEDC3 /* Sources */,
				FCC22D8829AF74B1002DEDC3 /* Frameworks */,
				FCC22D8929AF74B1002DEDC3 /* Resources */,
			);
			buildRules = (
			);
			dependencies = (
			);
			name = TwitterClone2;
			packageProductDependencies = (
				FC31B33329B21CEC00876FBD /* FirebaseAuth */,
				FC31B33529B21CEC00876FBD /* FirebaseAuthCombine-Community */,
				FC31B33729B21CEC00876FBD /* FirebaseDatabase */,
				FC31B33929B21CEC00876FBD /* FirebaseDatabaseSwift */,
				FC31B33B29B21CEC00876FBD /* FirebaseFirestore */,
				FC31B33D29B21CEC00876FBD /* FirebaseFirestoreCombine-Community */,
				FC31B33F29B21CEC00876FBD /* FirebaseFirestoreSwift */,
				FC31B34129B21CEC00876FBD /* FirebaseStorage */,
				FC31B34329B21CEC00876FBD /* FirebaseStorageCombine-Community */,
				FC39834B29B4BABA004FB06A /* SDWebImage */,
			);
			productName = TwitterClone2;
			productReference = FCC22D8B29AF74B1002DEDC3 /* TwitterClone2.app */;
			productType = "com.apple.product-type.application";
		};
/* End PBXNativeTarget section */

/* Begin PBXProject section */
		FCC22D8329AF74B1002DEDC3 /* Project object */ = {
			isa = PBXProject;
			attributes = {
				BuildIndependentTargetsInParallel = 1;
				LastSwiftUpdateCheck = 1420;
				LastUpgradeCheck = 1420;
				TargetAttributes = {
					FCC22D8A29AF74B1002DEDC3 = {
						CreatedOnToolsVersion = 14.2;
					};
				};
			};
			buildConfigurationList = FCC22D8629AF74B1002DEDC3 /* Build configuration list for PBXProject "TwitterClone2" */;
			compatibilityVersion = "Xcode 14.0";
			developmentRegion = en;
			hasScannedForEncodings = 0;
			knownRegions = (
				en,
				Base,
			);
			mainGroup = FCC22D8229AF74B1002DEDC3;
			packageReferences = (
				FC31B33229B21CEC00876FBD /* XCRemoteSwiftPackageReference "firebase-ios-sdk" */,
				FC39834A29B4BABA004FB06A /* XCRemoteSwiftPackageReference "SDWebImage" */,
			);
			productRefGroup = FCC22D8C29AF74B1002DEDC3 /* Products */;
			projectDirPath = "";
			projectRoot = "";
			targets = (
				FCC22D8A29AF74B1002DEDC3 /* TwitterClone2 */,
			);
		};
/* End PBXProject section */

/* Begin PBXResourcesBuildPhase section */
		FCC22D8929AF74B1002DEDC3 /* Resources */ = {
			isa = PBXResourcesBuildPhase;
			buildActionMask = 2147483647;
			files = (
				FCC22D9B29AF74B2002DEDC3 /* LaunchScreen.storyboard in Resources */,
				FC31B33129B21AC700876FBD /* GoogleService-Info.plist in Resources */,
				FCC22D9829AF74B2002DEDC3 /* Assets.xcassets in Resources */,
				FCC22D9629AF74B1002DEDC3 /* Main.storyboard in Resources */,
			);
			runOnlyForDeploymentPostprocessing = 0;
		};
/* End PBXResourcesBuildPhase section */

/* Begin PBXSourcesBuildPhase section */
		FCC22D8729AF74B1002DEDC3 /* Sources */ = {
			isa = PBXSourcesBuildPhase;
			buildActionMask = 2147483647;
			files = (
				FC821E6B29AFED1000D2A92C /* AuthButton.swift in Sources */,
				FC21054E29BA594500DBE1C2 /* TweetHeader.swift in Sources */,
				FCD08A2329C0B481000FA530 /* NotificationViewModel.swift in Sources */,
				FC2C884929AFC109006C757B /* RegisterViewController.swift in Sources */,
				FC21054C29BA56D900DBE1C2 /* TweetViewController.swift in Sources */,
				FC2C884429AFBDF1006C757B /* Extensions.swift in Sources */,
				FC8159EE29BE072A004053CA /* ActionSheetLauncher.swift in Sources */,
				FC39835429B50E13004FB06A /* Tweet.swift in Sources */,
				FC88D11029C5D82B008D17D4 /* EditProfileViewController.swift in Sources */,
				FCD08A1F29C07C3C000FA530 /* NotificationService.swift in Sources */,
				FCC22D8F29AF74B1002DEDC3 /* AppDelegate.swift in Sources */,
				FCC22DB229AF7735002DEDC3 /* ExploreViewController.swift in Sources */,
				FC827B4729B732A5002B16FD /* ProfileViewController.swift in Sources */,
				FCC22DB629AF7753002DEDC3 /* ConservationsViewController.swift in Sources */,
				FCD08A1929BF165E000FA530 /* ActionSheetCell.swift in Sources */,
				FC2C884B29AFC7C5006C757B /* Utilities.swift in Sources */,
				FC39834929B4B56B004FB06A /* User.swift in Sources */,
				FC39834E29B4D2E9004FB06A /* UploadTweetController.swift in Sources */,
				FCC22DB029AF7713002DEDC3 /* FeedViewController.swift in Sources */,
				FC827B4B29B744B4002B16FD /* ProfileFilterView.swift in Sources */,
				FC8159EC29BDC629004053CA /* UploadTweetViewModel.swift in Sources */,
				FCC22DAE29AF75B2002DEDC3 /* MainTabController.swift in Sources */,
				FC39835029B4DEDD004FB06A /* CaptionTextView.swift in Sources */,
				FCD08A1D29C079E5000FA530 /* Notification.swift in Sources */,
				FC2C884D29AFCB6C006C757B /* FormTextFieldView.swift in Sources */,
				FC8EC1C629B8B039001380CF /* UserCell.swift in Sources */,
				FCC22DB429AF7748002DEDC3 /* NotificationsViewController.swift in Sources */,
				FC39835629B512F5004FB06A /* TweetCell.swift in Sources */,
				FCD08A2129C0AC3B000FA530 /* NotificationCell.swift in Sources */,
				FCCE7C5529B35DD800586F0F /* Constants.swift in Sources */,
				FCD08A1B29BF2073000FA530 /* ActionSheetViewModel.swift in Sources */,
				FC827B4929B738BA002B16FD /* ProfileHeader.swift in Sources */,
				FC39834729B4B266004FB06A /* UserService.swift in Sources */,
				FCCE7C5729B3625900586F0F /* AuthService.swift in Sources */,
				FCA36D9029B61C5D000DC33E /* TweetViewModel.swift in Sources */,
				FC827B4D29B7466B002B16FD /* ProfileFilterCell.swift in Sources */,
				FC2C884729AFC101006C757B /* LoginViewController.swift in Sources */,
				FCC22D9129AF74B1002DEDC3 /* SceneDelegate.swift in Sources */,
				FC827B4F29B7502B002B16FD /* ProfileHeadeViewModel.swift in Sources */,
				FC39835229B4E37C004FB06A /* TweetService.swift in Sources */,
			);
			runOnlyForDeploymentPostprocessing = 0;
		};
/* End PBXSourcesBuildPhase section */

/* Begin PBXVariantGroup section */
		FCC22D9429AF74B1002DEDC3 /* Main.storyboard */ = {
			isa = PBXVariantGroup;
			children = (
				FCC22D9529AF74B1002DEDC3 /* Base */,
			);
			name = Main.storyboard;
			sourceTree = "<group>";
		};
		FCC22D9929AF74B2002DEDC3 /* LaunchScreen.storyboard */ = {
			isa = PBXVariantGroup;
			children = (
				FCC22D9A29AF74B2002DEDC3 /* Base */,
			);
			name = LaunchScreen.storyboard;
			sourceTree = "<group>";
		};
/* End PBXVariantGroup section */

/* Begin XCBuildConfiguration section */
		FCC22D9D29AF74B2002DEDC3 /* Debug */ = {
			isa = XCBuildConfiguration;
			buildSettings = {
				ALWAYS_SEARCH_USER_PATHS = NO;
				CLANG_ANALYZER_NONNULL = YES;
				CLANG_ANALYZER_NUMBER_OBJECT_CONVERSION = YES_AGGRESSIVE;
				CLANG_CXX_LANGUAGE_STANDARD = "gnu++20";
				CLANG_ENABLE_MODULES = YES;
				CLANG_ENABLE_OBJC_ARC = YES;
				CLANG_ENABLE_OBJC_WEAK = YES;
				CLANG_WARN_BLOCK_CAPTURE_AUTORELEASING = YES;
				CLANG_WARN_BOOL_CONVERSION = YES;
				CLANG_WARN_COMMA = YES;
				CLANG_WARN_CONSTANT_CONVERSION = YES;
				CLANG_WARN_DEPRECATED_OBJC_IMPLEMENTATIONS = YES;
				CLANG_WARN_DIRECT_OBJC_ISA_USAGE = YES_ERROR;
				CLANG_WARN_DOCUMENTATION_COMMENTS = YES;
				CLANG_WARN_EMPTY_BODY = YES;
				CLANG_WARN_ENUM_CONVERSION = YES;
				CLANG_WARN_INFINITE_RECURSION = YES;
				CLANG_WARN_INT_CONVERSION = YES;
				CLANG_WARN_NON_LITERAL_NULL_CONVERSION = YES;
				CLANG_WARN_OBJC_IMPLICIT_RETAIN_SELF = YES;
				CLANG_WARN_OBJC_LITERAL_CONVERSION = YES;
				CLANG_WARN_OBJC_ROOT_CLASS = YES_ERROR;
				CLANG_WARN_QUOTED_INCLUDE_IN_FRAMEWORK_HEADER = YES;
				CLANG_WARN_RANGE_LOOP_ANALYSIS = YES;
				CLANG_WARN_STRICT_PROTOTYPES = YES;
				CLANG_WARN_SUSPICIOUS_MOVE = YES;
				CLANG_WARN_UNGUARDED_AVAILABILITY = YES_AGGRESSIVE;
				CLANG_WARN_UNREACHABLE_CODE = YES;
				CLANG_WARN__DUPLICATE_METHOD_MATCH = YES;
				COPY_PHASE_STRIP = NO;
				DEBUG_INFORMATION_FORMAT = dwarf;
				ENABLE_STRICT_OBJC_MSGSEND = YES;
				ENABLE_TESTABILITY = YES;
				GCC_C_LANGUAGE_STANDARD = gnu11;
				GCC_DYNAMIC_NO_PIC = NO;
				GCC_NO_COMMON_BLOCKS = YES;
				GCC_OPTIMIZATION_LEVEL = 0;
				GCC_PREPROCESSOR_DEFINITIONS = (
					"DEBUG=1",
					"$(inherited)",
				);
				GCC_WARN_64_TO_32_BIT_CONVERSION = YES;
				GCC_WARN_ABOUT_RETURN_TYPE = YES_ERROR;
				GCC_WARN_UNDECLARED_SELECTOR = YES;
				GCC_WARN_UNINITIALIZED_AUTOS = YES_AGGRESSIVE;
				GCC_WARN_UNUSED_FUNCTION = YES;
				GCC_WARN_UNUSED_VARIABLE = YES;
				IPHONEOS_DEPLOYMENT_TARGET = 16.2;
				MTL_ENABLE_DEBUG_INFO = INCLUDE_SOURCE;
				MTL_FAST_MATH = YES;
				ONLY_ACTIVE_ARCH = YES;
				SDKROOT = iphoneos;
				SWIFT_ACTIVE_COMPILATION_CONDITIONS = DEBUG;
				SWIFT_OPTIMIZATION_LEVEL = "-Onone";
			};
			name = Debug;
		};
		FCC22D9E29AF74B2002DEDC3 /* Release */ = {
			isa = XCBuildConfiguration;
			buildSettings = {
				ALWAYS_SEARCH_USER_PATHS = NO;
				CLANG_ANALYZER_NONNULL = YES;
				CLANG_ANALYZER_NUMBER_OBJECT_CONVERSION = YES_AGGRESSIVE;
				CLANG_CXX_LANGUAGE_STANDARD = "gnu++20";
				CLANG_ENABLE_MODULES = YES;
				CLANG_ENABLE_OBJC_ARC = YES;
				CLANG_ENABLE_OBJC_WEAK = YES;
				CLANG_WARN_BLOCK_CAPTURE_AUTORELEASING = YES;
				CLANG_WARN_BOOL_CONVERSION = YES;
				CLANG_WARN_COMMA = YES;
				CLANG_WARN_CONSTANT_CONVERSION = YES;
				CLANG_WARN_DEPRECATED_OBJC_IMPLEMENTATIONS = YES;
				CLANG_WARN_DIRECT_OBJC_ISA_USAGE = YES_ERROR;
				CLANG_WARN_DOCUMENTATION_COMMENTS = YES;
				CLANG_WARN_EMPTY_BODY = YES;
				CLANG_WARN_ENUM_CONVERSION = YES;
				CLANG_WARN_INFINITE_RECURSION = YES;
				CLANG_WARN_INT_CONVERSION = YES;
				CLANG_WARN_NON_LITERAL_NULL_CONVERSION = YES;
				CLANG_WARN_OBJC_IMPLICIT_RETAIN_SELF = YES;
				CLANG_WARN_OBJC_LITERAL_CONVERSION = YES;
				CLANG_WARN_OBJC_ROOT_CLASS = YES_ERROR;
				CLANG_WARN_QUOTED_INCLUDE_IN_FRAMEWORK_HEADER = YES;
				CLANG_WARN_RANGE_LOOP_ANALYSIS = YES;
				CLANG_WARN_STRICT_PROTOTYPES = YES;
				CLANG_WARN_SUSPICIOUS_MOVE = YES;
				CLANG_WARN_UNGUARDED_AVAILABILITY = YES_AGGRESSIVE;
				CLANG_WARN_UNREACHABLE_CODE = YES;
				CLANG_WARN__DUPLICATE_METHOD_MATCH = YES;
				COPY_PHASE_STRIP = NO;
				DEBUG_INFORMATION_FORMAT = "dwarf-with-dsym";
				ENABLE_NS_ASSERTIONS = NO;
				ENABLE_STRICT_OBJC_MSGSEND = YES;
				GCC_C_LANGUAGE_STANDARD = gnu11;
				GCC_NO_COMMON_BLOCKS = YES;
				GCC_WARN_64_TO_32_BIT_CONVERSION = YES;
				GCC_WARN_ABOUT_RETURN_TYPE = YES_ERROR;
				GCC_WARN_UNDECLARED_SELECTOR = YES;
				GCC_WARN_UNINITIALIZED_AUTOS = YES_AGGRESSIVE;
				GCC_WARN_UNUSED_FUNCTION = YES;
				GCC_WARN_UNUSED_VARIABLE = YES;
				IPHONEOS_DEPLOYMENT_TARGET = 16.2;
				MTL_ENABLE_DEBUG_INFO = NO;
				MTL_FAST_MATH = YES;
				SDKROOT = iphoneos;
				SWIFT_COMPILATION_MODE = wholemodule;
				SWIFT_OPTIMIZATION_LEVEL = "-O";
				VALIDATE_PRODUCT = YES;
			};
			name = Release;
		};
		FCC22DA029AF74B2002DEDC3 /* Debug */ = {
			isa = XCBuildConfiguration;
			buildSettings = {
				ASSETCATALOG_COMPILER_APPICON_NAME = AppIcon;
				ASSETCATALOG_COMPILER_GLOBAL_ACCENT_COLOR_NAME = AccentColor;
				CODE_SIGN_STYLE = Automatic;
				CURRENT_PROJECT_VERSION = 1;
				DEVELOPMENT_TEAM = L63L694K4M;
				GENERATE_INFOPLIST_FILE = YES;
				INFOPLIST_FILE = TwitterClone2/Info.plist;
				INFOPLIST_KEY_UIApplicationSupportsIndirectInputEvents = YES;
				INFOPLIST_KEY_UILaunchStoryboardName = LaunchScreen;
				INFOPLIST_KEY_UIMainStoryboardFile = Main;
				INFOPLIST_KEY_UIRequiresFullScreen = NO;
				INFOPLIST_KEY_UIStatusBarStyle = "";
				INFOPLIST_KEY_UISupportedInterfaceOrientations = UIInterfaceOrientationPortrait;
				IPHONEOS_DEPLOYMENT_TARGET = 13.0;
				LD_RUNPATH_SEARCH_PATHS = (
					"$(inherited)",
					"@executable_path/Frameworks",
				);
				MARKETING_VERSION = 1.0;
				PRODUCT_BUNDLE_IDENTIFIER = com.enyaka.TwitterClone2;
				PRODUCT_NAME = "$(TARGET_NAME)";
				SWIFT_EMIT_LOC_STRINGS = YES;
				SWIFT_VERSION = 5.0;
				TARGETED_DEVICE_FAMILY = "1,2";
			};
			name = Debug;
		};
		FCC22DA129AF74B2002DEDC3 /* Release */ = {
			isa = XCBuildConfiguration;
			buildSettings = {
				ASSETCATALOG_COMPILER_APPICON_NAME = AppIcon;
				ASSETCATALOG_COMPILER_GLOBAL_ACCENT_COLOR_NAME = AccentColor;
				CODE_SIGN_STYLE = Automatic;
				CURRENT_PROJECT_VERSION = 1;
				DEVELOPMENT_TEAM = L63L694K4M;
				GENERATE_INFOPLIST_FILE = YES;
				INFOPLIST_FILE = TwitterClone2/Info.plist;
				INFOPLIST_KEY_UIApplicationSupportsIndirectInputEvents = YES;
				INFOPLIST_KEY_UILaunchStoryboardName = LaunchScreen;
				INFOPLIST_KEY_UIMainStoryboardFile = Main;
				INFOPLIST_KEY_UIRequiresFullScreen = NO;
				INFOPLIST_KEY_UIStatusBarStyle = "";
				INFOPLIST_KEY_UISupportedInterfaceOrientations = UIInterfaceOrientationPortrait;
				IPHONEOS_DEPLOYMENT_TARGET = 13.0;
				LD_RUNPATH_SEARCH_PATHS = (
					"$(inherited)",
					"@executable_path/Frameworks",
				);
				MARKETING_VERSION = 1.0;
				PRODUCT_BUNDLE_IDENTIFIER = com.enyaka.TwitterClone2;
				PRODUCT_NAME = "$(TARGET_NAME)";
				SWIFT_EMIT_LOC_STRINGS = YES;
				SWIFT_VERSION = 5.0;
				TARGETED_DEVICE_FAMILY = "1,2";
			};
			name = Release;
		};
/* End XCBuildConfiguration section */

/* Begin XCConfigurationList section */
		FCC22D8629AF74B1002DEDC3 /* Build configuration list for PBXProject "TwitterClone2" */ = {
			isa = XCConfigurationList;
			buildConfigurations = (
				FCC22D9D29AF74B2002DEDC3 /* Debug */,
				FCC22D9E29AF74B2002DEDC3 /* Release */,
			);
			defaultConfigurationIsVisible = 0;
			defaultConfigurationName = Release;
		};
		FCC22D9F29AF74B2002DEDC3 /* Build configuration list for PBXNativeTarget "TwitterClone2" */ = {
			isa = XCConfigurationList;
			buildConfigurations = (
				FCC22DA029AF74B2002DEDC3 /* Debug */,
				FCC22DA129AF74B2002DEDC3 /* Release */,
			);
			defaultConfigurationIsVisible = 0;
			defaultConfigurationName = Release;
		};
/* End XCConfigurationList section */

/* Begin XCRemoteSwiftPackageReference section */
		FC31B33229B21CEC00876FBD /* XCRemoteSwiftPackageReference "firebase-ios-sdk" */ = {
			isa = XCRemoteSwiftPackageReference;
			repositoryURL = "https://github.com/firebase/firebase-ios-sdk";
			requirement = {
				branch = master;
				kind = branch;
			};
		};
		FC39834A29B4BABA004FB06A /* XCRemoteSwiftPackageReference "SDWebImage" */ = {
			isa = XCRemoteSwiftPackageReference;
			repositoryURL = "https://github.com/SDWebImage/SDWebImage.git";
			requirement = {
				branch = master;
				kind = branch;
			};
		};
/* End XCRemoteSwiftPackageReference section */

/* Begin XCSwiftPackageProductDependency section */
		FC31B33329B21CEC00876FBD /* FirebaseAuth */ = {
			isa = XCSwiftPackageProductDependency;
			package = FC31B33229B21CEC00876FBD /* XCRemoteSwiftPackageReference "firebase-ios-sdk" */;
			productName = FirebaseAuth;
		};
		FC31B33529B21CEC00876FBD /* FirebaseAuthCombine-Community */ = {
			isa = XCSwiftPackageProductDependency;
			package = FC31B33229B21CEC00876FBD /* XCRemoteSwiftPackageReference "firebase-ios-sdk" */;
			productName = "FirebaseAuthCombine-Community";
		};
		FC31B33729B21CEC00876FBD /* FirebaseDatabase */ = {
			isa = XCSwiftPackageProductDependency;
			package = FC31B33229B21CEC00876FBD /* XCRemoteSwiftPackageReference "firebase-ios-sdk" */;
			productName = FirebaseDatabase;
		};
		FC31B33929B21CEC00876FBD /* FirebaseDatabaseSwift */ = {
			isa = XCSwiftPackageProductDependency;
			package = FC31B33229B21CEC00876FBD /* XCRemoteSwiftPackageReference "firebase-ios-sdk" */;
			productName = FirebaseDatabaseSwift;
		};
		FC31B33B29B21CEC00876FBD /* FirebaseFirestore */ = {
			isa = XCSwiftPackageProductDependency;
			package = FC31B33229B21CEC00876FBD /* XCRemoteSwiftPackageReference "firebase-ios-sdk" */;
			productName = FirebaseFirestore;
		};
		FC31B33D29B21CEC00876FBD /* FirebaseFirestoreCombine-Community */ = {
			isa = XCSwiftPackageProductDependency;
			package = FC31B33229B21CEC00876FBD /* XCRemoteSwiftPackageReference "firebase-ios-sdk" */;
			productName = "FirebaseFirestoreCombine-Community";
		};
		FC31B33F29B21CEC00876FBD /* FirebaseFirestoreSwift */ = {
			isa = XCSwiftPackageProductDependency;
			package = FC31B33229B21CEC00876FBD /* XCRemoteSwiftPackageReference "firebase-ios-sdk" */;
			productName = FirebaseFirestoreSwift;
		};
		FC31B34129B21CEC00876FBD /* FirebaseStorage */ = {
			isa = XCSwiftPackageProductDependency;
			package = FC31B33229B21CEC00876FBD /* XCRemoteSwiftPackageReference "firebase-ios-sdk" */;
			productName = FirebaseStorage;
		};
		FC31B34329B21CEC00876FBD /* FirebaseStorageCombine-Community */ = {
			isa = XCSwiftPackageProductDependency;
			package = FC31B33229B21CEC00876FBD /* XCRemoteSwiftPackageReference "firebase-ios-sdk" */;
			productName = "FirebaseStorageCombine-Community";
		};
		FC39834B29B4BABA004FB06A /* SDWebImage */ = {
			isa = XCSwiftPackageProductDependency;
			package = FC39834A29B4BABA004FB06A /* XCRemoteSwiftPackageReference "SDWebImage" */;
			productName = SDWebImage;
		};
/* End XCSwiftPackageProductDependency section */
	};
	rootObject = FCC22D8329AF74B1002DEDC3 /* Project object */;
}
